{
    "_meta": {
        "hash": {
            "sha256": "2a62b9c32e29e2a38e56cbe1efd8250d3461e7246fdedc2810460532eb8a699b"
        },
        "pipfile-spec": 6,
        "requires": {
            "python_version": "3.11"
        },
        "sources": [
            {
                "name": "pypi",
                "url": "https://pypi.org/simple",
                "verify_ssl": true
            }
        ]
    },
    "default": {},
    "develop": {}
}
